
Microsoft Visual Studio Solution File, Format Version 12.00
# Visual Studio 2013
VisualStudioVersion = 12.0.31101.0
MinimumVisualStudioVersion = 10.0.40219.1
Project("{FAE04EC0-301F-11D3-BF4B-00C04F79EFBC}") = "Cartoleiro.Core", "Cartoleiro.Core\Cartoleiro.Core.csproj", "{AFEADE17-C858-4AA3-A8D0-9E43B9B0785A}"
EndProject
Project("{FAE04EC0-301F-11D3-BF4B-00C04F79EFBC}") = "Cartoleiro.Testes", "Cartoleiro.Testes\Cartoleiro.Testes.csproj", "{B2D811F1-64F2-49B7-85F1-AB91EE1BE25D}"
EndProject
Project("{FAE04EC0-301F-11D3-BF4B-00C04F79EFBC}") = "Cartoleiro.DAO", "Cartoleiro.DAO\Cartoleiro.DAO.csproj", "{AEBA7A3B-3F6C-4BDD-BBAC-7BB737F5FAB4}"
EndProject
Project("{FAE04EC0-301F-11D3-BF4B-00C04F79EFBC}") = "Cartoleiro.Web", "Cartoleiro.Web\Cartoleiro.Web.csproj", "{5F5C1DF3-5BE4-4529-A9F0-6F87B5CA9D10}"
EndProject
Project("{FAE04EC0-301F-11D3-BF4B-00C04F79EFBC}") = "Cartoleiro.Crawler", "Cartoleiro.Crawler\Cartoleiro.Crawler.csproj", "{C36B08B4-3B85-483E-8DEF-01AB3055EB2E}"
EndProject
Project("{FAE04EC0-301F-11D3-BF4B-00C04F79EFBC}") = "Cartoleiro.CrawlerConsole", "Cartoleiro.CrawlerConsole\Cartoleiro.CrawlerConsole.csproj", "{4ED14848-B815-41D5-9881-544C027CAAC7}"
EndProject
Global
	GlobalSection(SolutionConfigurationPlatforms) = preSolution
		Debug|Any CPU = Debug|Any CPU
		Release|Any CPU = Release|Any CPU
	EndGlobalSection
	GlobalSection(ProjectConfigurationPlatforms) = postSolution
		{AFEADE17-C858-4AA3-A8D0-9E43B9B0785A}.Debug|Any CPU.ActiveCfg = Debug|Any CPU
		{AFEADE17-C858-4AA3-A8D0-9E43B9B0785A}.Debug|Any CPU.Build.0 = Debug|Any CPU
		{AFEADE17-C858-4AA3-A8D0-9E43B9B0785A}.Release|Any CPU.ActiveCfg = Release|Any CPU
		{AFEADE17-C858-4AA3-A8D0-9E43B9B0785A}.Release|Any CPU.Build.0 = Release|Any CPU
		{B2D811F1-64F2-49B7-85F1-AB91EE1BE25D}.Debug|Any CPU.ActiveCfg = Debug|Any CPU
		{B2D811F1-64F2-49B7-85F1-AB91EE1BE25D}.Debug|Any CPU.Build.0 = Debug|Any CPU
		{B2D811F1-64F2-49B7-85F1-AB91EE1BE25D}.Release|Any CPU.ActiveCfg = Release|Any CPU
		{B2D811F1-64F2-49B7-85F1-AB91EE1BE25D}.Release|Any CPU.Build.0 = Release|Any CPU
		{AEBA7A3B-3F6C-4BDD-BBAC-7BB737F5FAB4}.Debug|Any CPU.ActiveCfg = Debug|Any CPU
		{AEBA7A3B-3F6C-4BDD-BBAC-7BB737F5FAB4}.Debug|Any CPU.Build.0 = Debug|Any CPU
		{AEBA7A3B-3F6C-4BDD-BBAC-7BB737F5FAB4}.Release|Any CPU.ActiveCfg = Release|Any CPU
		{AEBA7A3B-3F6C-4BDD-BBAC-7BB737F5FAB4}.Release|Any CPU.Build.0 = Release|Any CPU
		{5F5C1DF3-5BE4-4529-A9F0-6F87B5CA9D10}.Debug|Any CPU.ActiveCfg = Debug|Any CPU
		{5F5C1DF3-5BE4-4529-A9F0-6F87B5CA9D10}.Debug|Any CPU.Build.0 = Debug|Any CPU
		{5F5C1DF3-5BE4-4529-A9F0-6F87B5CA9D10}.Release|Any CPU.ActiveCfg = Release|Any CPU
		{5F5C1DF3-5BE4-4529-A9F0-6F87B5CA9D10}.Release|Any CPU.Build.0 = Release|Any CPU
		{C36B08B4-3B85-483E-8DEF-01AB3055EB2E}.Debug|Any CPU.ActiveCfg = Debug|Any CPU
		{C36B08B4-3B85-483E-8DEF-01AB3055EB2E}.Debug|Any CPU.Build.0 = Debug|Any CPU
		{C36B08B4-3B85-483E-8DEF-01AB3055EB2E}.Release|Any CPU.ActiveCfg = Release|Any CPU
		{C36B08B4-3B85-483E-8DEF-01AB3055EB2E}.Release|Any CPU.Build.0 = Release|Any CPU
		{4ED14848-B815-41D5-9881-544C027CAAC7}.Debug|Any CPU.ActiveCfg = Debug|Any CPU
		{4ED14848-B815-41D5-9881-544C027CAAC7}.Debug|Any CPU.Build.0 = Debug|Any CPU
		{4ED14848-B815-41D5-9881-544C027CAAC7}.Release|Any CPU.ActiveCfg = Release|Any CPU
		{4ED14848-B815-41D5-9881-544C027CAAC7}.Release|Any CPU.Build.0 = Release|Any CPU
	EndGlobalSection
	GlobalSection(SolutionProperties) = preSolution
		HideSolutionNode = FALSE
	EndGlobalSection
EndGlobal
